
Microsoft Visual Studio Solution File, Format Version 12.00
# Visual Studio Version 17
VisualStudioVersion = 17.0.31903.59
MinimumVisualStudioVersion = 10.0.40219.1
Project("{2150E333-8FDC-42A3-9474-1A3956D46DE8}") = "src", "src", "{DC181F92-18D4-4276-AD01-42DA71F7C4B3}"
EndProject
Project("{9A19103F-16F7-4668-BE54-9A1E7A4F7556}") = "SwiftTalk.Domain", "src\SwiftTalk.Domain\SwiftTalk.Domain.csproj", "{563BF5EE-C283-42E8-8C1C-71A713CEA887}"
EndProject
Project("{9A19103F-16F7-4668-BE54-9A1E7A4F7556}") = "SwiftTalk.DataAccess", "src\SwiftTalk.DataAccess\SwiftTalk.DataAccess.csproj", "{98AD9006-662C-4C92-B5EA-DD820DE4DFE3}"
EndProject
Project("{9A19103F-16F7-4668-BE54-9A1E7A4F7556}") = "SwiftTalk.Service", "src\SwiftTalk.Service\SwiftTalk.Service.csproj", "{4278365A-00E2-4BFF-BF42-7DDEEB6743A1}"
EndProject
Project("{FAE04EC0-301F-11D3-BF4B-00C04F79EFBC}") = "SwiftTalk.WebApi", "SwiftTalk.WebApi\SwiftTalk.WebApi.csproj", "{5A142425-63D1-4515-BF97-2F20988C7867}"
EndProject
Global
	GlobalSection(SolutionConfigurationPlatforms) = preSolution
		Debug|Any CPU = Debug|Any CPU
		Release|Any CPU = Release|Any CPU
	EndGlobalSection
	GlobalSection(ProjectConfigurationPlatforms) = postSolution
		{563BF5EE-C283-42E8-8C1C-71A713CEA887}.Debug|Any CPU.ActiveCfg = Debug|Any CPU
		{563BF5EE-C283-42E8-8C1C-71A713CEA887}.Debug|Any CPU.Build.0 = Debug|Any CPU
		{563BF5EE-C283-42E8-8C1C-71A713CEA887}.Release|Any CPU.ActiveCfg = Release|Any CPU
		{563BF5EE-C283-42E8-8C1C-71A713CEA887}.Release|Any CPU.Build.0 = Release|Any CPU
		{98AD9006-662C-4C92-B5EA-DD820DE4DFE3}.Debug|Any CPU.ActiveCfg = Debug|Any CPU
		{98AD9006-662C-4C92-B5EA-DD820DE4DFE3}.Debug|Any CPU.Build.0 = Debug|Any CPU
		{98AD9006-662C-4C92-B5EA-DD820DE4DFE3}.Release|Any CPU.ActiveCfg = Release|Any CPU
		{98AD9006-662C-4C92-B5EA-DD820DE4DFE3}.Release|Any CPU.Build.0 = Release|Any CPU
		{4278365A-00E2-4BFF-BF42-7DDEEB6743A1}.Debug|Any CPU.ActiveCfg = Debug|Any CPU
		{4278365A-00E2-4BFF-BF42-7DDEEB6743A1}.Debug|Any CPU.Build.0 = Debug|Any CPU
		{4278365A-00E2-4BFF-BF42-7DDEEB6743A1}.Release|Any CPU.ActiveCfg = Release|Any CPU
		{4278365A-00E2-4BFF-BF42-7DDEEB6743A1}.Release|Any CPU.Build.0 = Release|Any CPU
		{5A142425-63D1-4515-BF97-2F20988C7867}.Debug|Any CPU.ActiveCfg = Debug|Any CPU
		{5A142425-63D1-4515-BF97-2F20988C7867}.Debug|Any CPU.Build.0 = Debug|Any CPU
		{5A142425-63D1-4515-BF97-2F20988C7867}.Release|Any CPU.ActiveCfg = Release|Any CPU
		{5A142425-63D1-4515-BF97-2F20988C7867}.Release|Any CPU.Build.0 = Release|Any CPU
	EndGlobalSection
	GlobalSection(SolutionProperties) = preSolution
		HideSolutionNode = FALSE
	EndGlobalSection
	GlobalSection(NestedProjects) = preSolution
		{563BF5EE-C283-42E8-8C1C-71A713CEA887} = {DC181F92-18D4-4276-AD01-42DA71F7C4B3}
		{98AD9006-662C-4C92-B5EA-DD820DE4DFE3} = {DC181F92-18D4-4276-AD01-42DA71F7C4B3}
		{4278365A-00E2-4BFF-BF42-7DDEEB6743A1} = {DC181F92-18D4-4276-AD01-42DA71F7C4B3}
		{5A142425-63D1-4515-BF97-2F20988C7867} = {DC181F92-18D4-4276-AD01-42DA71F7C4B3}
	EndGlobalSection
EndGlobal
